
Microsoft Visual Studio Solution File, Format Version 12.00
# Visual Studio Version 17
VisualStudioVersion = 17.5.002.0
MinimumVisualStudioVersion = 10.0.40219.1
Project("{2150E333-8FDC-42A3-9474-1A3956D46DE8}") = "prepare", "prepare", "{7CF0D6D7-CC5B-45DD-88BA-300A69358035}"
EndProject
Project("{9A19103F-16F7-4668-BE54-9A1E7A4F7556}") = "Learning02", "prepare\Learning02\Learning02.csproj", "{3FCA5A0E-EDDA-4B06-AC6C-880B3F1092CA}"
EndProject
Project("{9A19103F-16F7-4668-BE54-9A1E7A4F7556}") = "Learning05", "prepare\Learning05\Learning05.csproj", "{8347606F-4C47-4A6D-BC71-B8D2E6EAF427}"
EndProject
Project("{9A19103F-16F7-4668-BE54-9A1E7A4F7556}") = "Learning04", "prepare\Learning04\Learning04.csproj", "{FE6F52B0-6E2B-444A-B7DE-28D7F038CD78}"
EndProject
Project("{9A19103F-16F7-4668-BE54-9A1E7A4F7556}") = "Learning03", "prepare\Learning03\Learning03.csproj", "{A7B8FFB0-30EE-4962-8904-E5B932D6BCC4}"
EndProject
Project("{2150E333-8FDC-42A3-9474-1A3956D46DE8}") = "prove", "prove", "{D2470F8D-F4D3-43A7-ADC9-7B780A1094F8}"
EndProject
Project("{9A19103F-16F7-4668-BE54-9A1E7A4F7556}") = "Develop03", "prove\Develop03\Develop03.csproj", "{FBC7A353-2F2B-462C-B10C-3B120FE092E2}"
EndProject
Project("{9A19103F-16F7-4668-BE54-9A1E7A4F7556}") = "Develop04", "prove\Develop04\Develop04.csproj", "{834D67AE-0BDA-473E-97BE-3DA9EA45B71C}"
EndProject
Project("{9A19103F-16F7-4668-BE54-9A1E7A4F7556}") = "Develop05", "prove\Develop05\Develop05.csproj", "{242EC877-3D12-448E-BC84-D1BF436C3704}"
EndProject
Project("{9A19103F-16F7-4668-BE54-9A1E7A4F7556}") = "Develop02", "prove\Develop02\Develop02.csproj", "{19948C11-3A0F-49F8-A084-62ED07B0EF56}"
EndProject
Project("{2150E333-8FDC-42A3-9474-1A3956D46DE8}") = "sandbox", "sandbox", "{CE4321BE-B81D-4C04-857C-D83BF7A9C051}"
EndProject
Project("{9A19103F-16F7-4668-BE54-9A1E7A4F7556}") = "Sandbox", "sandbox\Sandbox\Sandbox.csproj", "{3013C82F-EE19-48C7-86B7-4FBFC30EB35D}"
EndProject
Project("{2150E333-8FDC-42A3-9474-1A3956D46DE8}") = "final", "final", "{8711FC55-0DFD-47A8-92A8-1D1B76107446}"
EndProject
Project("{9A19103F-16F7-4668-BE54-9A1E7A4F7556}") = "FinalProject", "final\FinalProject\FinalProject.csproj", "{E70544F2-732D-484C-AF67-4F38B6D8DA8B}"
EndProject
Project("{9A19103F-16F7-4668-BE54-9A1E7A4F7556}") = "Foundation1", "final\Foundation1\Foundation1.csproj", "{B7750236-6599-4DDE-976C-8D860AD06E67}"
EndProject
Project("{9A19103F-16F7-4668-BE54-9A1E7A4F7556}") = "Foundation4", "final\Foundation4\Foundation4.csproj", "{D7A479D9-6357-49CD-A962-BFE930590E48}"
EndProject
Project("{9A19103F-16F7-4668-BE54-9A1E7A4F7556}") = "Foundation3", "final\Foundation3\Foundation3.csproj", "{1BE64053-8991-4775-9659-7C5CE8A91937}"
EndProject
Project("{9A19103F-16F7-4668-BE54-9A1E7A4F7556}") = "Foundation2", "final\Foundation2\Foundation2.csproj", "{D468F465-4735-477E-A92D-1BE821192F3C}"
EndProject
Project("{2150E333-8FDC-42A3-9474-1A3956D46DE8}") = "csharp-prep", "csharp-prep", "{7545E192-4539-4104-9089-DA2813F23745}"
EndProject
Project("{9A19103F-16F7-4668-BE54-9A1E7A4F7556}") = "Prep1", "csharp-prep\Prep1\Prep1.csproj", "{D5A61CB1-14B4-4D19-B551-6524EF325D58}"
EndProject
Project("{9A19103F-16F7-4668-BE54-9A1E7A4F7556}") = "Prep5", "csharp-prep\Prep5\Prep5.csproj", "{E66CDC12-B4D7-43D3-A208-530119EC3008}"
EndProject
Project("{9A19103F-16F7-4668-BE54-9A1E7A4F7556}") = "Prep2", "csharp-prep\Prep2\Prep2.csproj", "{A54854EC-E234-4A55-81E3-391827ECD2CF}"
EndProject
Project("{9A19103F-16F7-4668-BE54-9A1E7A4F7556}") = "Prep3", "csharp-prep\Prep3\Prep3.csproj", "{12BE4EA5-CCF3-4130-86C7-E361DA20F5EA}"
EndProject
Project("{9A19103F-16F7-4668-BE54-9A1E7A4F7556}") = "Prep4", "csharp-prep\Prep4\Prep4.csproj", "{2215DD0B-E699-40E2-A0A6-E16B7AB4B3FC}"
EndProject
Global
	GlobalSection(SolutionConfigurationPlatforms) = preSolution
		Debug|Any CPU = Debug|Any CPU
		Release|Any CPU = Release|Any CPU
	EndGlobalSection
	GlobalSection(ProjectConfigurationPlatforms) = postSolution
		{3FCA5A0E-EDDA-4B06-AC6C-880B3F1092CA}.Debug|Any CPU.ActiveCfg = Debug|Any CPU
		{3FCA5A0E-EDDA-4B06-AC6C-880B3F1092CA}.Debug|Any CPU.Build.0 = Debug|Any CPU
		{3FCA5A0E-EDDA-4B06-AC6C-880B3F1092CA}.Release|Any CPU.ActiveCfg = Release|Any CPU
		{3FCA5A0E-EDDA-4B06-AC6C-880B3F1092CA}.Release|Any CPU.Build.0 = Release|Any CPU
		{8347606F-4C47-4A6D-BC71-B8D2E6EAF427}.Debug|Any CPU.ActiveCfg = Debug|Any CPU
		{8347606F-4C47-4A6D-BC71-B8D2E6EAF427}.Debug|Any CPU.Build.0 = Debug|Any CPU
		{8347606F-4C47-4A6D-BC71-B8D2E6EAF427}.Release|Any CPU.ActiveCfg = Release|Any CPU
		{8347606F-4C47-4A6D-BC71-B8D2E6EAF427}.Release|Any CPU.Build.0 = Release|Any CPU
		{FE6F52B0-6E2B-444A-B7DE-28D7F038CD78}.Debug|Any CPU.ActiveCfg = Debug|Any CPU
		{FE6F52B0-6E2B-444A-B7DE-28D7F038CD78}.Debug|Any CPU.Build.0 = Debug|Any CPU
		{FE6F52B0-6E2B-444A-B7DE-28D7F038CD78}.Release|Any CPU.ActiveCfg = Release|Any CPU
		{FE6F52B0-6E2B-444A-B7DE-28D7F038CD78}.Release|Any CPU.Build.0 = Release|Any CPU
		{A7B8FFB0-30EE-4962-8904-E5B932D6BCC4}.Debug|Any CPU.ActiveCfg = Debug|Any CPU
		{A7B8FFB0-30EE-4962-8904-E5B932D6BCC4}.Debug|Any CPU.Build.0 = Debug|Any CPU
		{A7B8FFB0-30EE-4962-8904-E5B932D6BCC4}.Release|Any CPU.ActiveCfg = Release|Any CPU
		{A7B8FFB0-30EE-4962-8904-E5B932D6BCC4}.Release|Any CPU.Build.0 = Release|Any CPU
		{FBC7A353-2F2B-462C-B10C-3B120FE092E2}.Debug|Any CPU.ActiveCfg = Debug|Any CPU
		{FBC7A353-2F2B-462C-B10C-3B120FE092E2}.Debug|Any CPU.Build.0 = Debug|Any CPU
		{FBC7A353-2F2B-462C-B10C-3B120FE092E2}.Release|Any CPU.ActiveCfg = Release|Any CPU
		{FBC7A353-2F2B-462C-B10C-3B120FE092E2}.Release|Any CPU.Build.0 = Release|Any CPU
		{834D67AE-0BDA-473E-97BE-3DA9EA45B71C}.Debug|Any CPU.ActiveCfg = Debug|Any CPU
		{834D67AE-0BDA-473E-97BE-3DA9EA45B71C}.Debug|Any CPU.Build.0 = Debug|Any CPU
		{834D67AE-0BDA-473E-97BE-3DA9EA45B71C}.Release|Any CPU.ActiveCfg = Release|Any CPU
		{834D67AE-0BDA-473E-97BE-3DA9EA45B71C}.Release|Any CPU.Build.0 = Release|Any CPU
		{242EC877-3D12-448E-BC84-D1BF436C3704}.Debug|Any CPU.ActiveCfg = Debug|Any CPU
		{242EC877-3D12-448E-BC84-D1BF436C3704}.Debug|Any CPU.Build.0 = Debug|Any CPU
		{242EC877-3D12-448E-BC84-D1BF436C3704}.Release|Any CPU.ActiveCfg = Release|Any CPU
		{242EC877-3D12-448E-BC84-D1BF436C3704}.Release|Any CPU.Build.0 = Release|Any CPU
		{19948C11-3A0F-49F8-A084-62ED07B0EF56}.Debug|Any CPU.ActiveCfg = Debug|Any CPU
		{19948C11-3A0F-49F8-A084-62ED07B0EF56}.Debug|Any CPU.Build.0 = Debug|Any CPU
		{19948C11-3A0F-49F8-A084-62ED07B0EF56}.Release|Any CPU.ActiveCfg = Release|Any CPU
		{19948C11-3A0F-49F8-A084-62ED07B0EF56}.Release|Any CPU.Build.0 = Release|Any CPU
		{3013C82F-EE19-48C7-86B7-4FBFC30EB35D}.Debug|Any CPU.ActiveCfg = Debug|Any CPU
		{3013C82F-EE19-48C7-86B7-4FBFC30EB35D}.Debug|Any CPU.Build.0 = Debug|Any CPU
		{3013C82F-EE19-48C7-86B7-4FBFC30EB35D}.Release|Any CPU.ActiveCfg = Release|Any CPU
		{3013C82F-EE19-48C7-86B7-4FBFC30EB35D}.Release|Any CPU.Build.0 = Release|Any CPU
		{E70544F2-732D-484C-AF67-4F38B6D8DA8B}.Debug|Any CPU.ActiveCfg = Debug|Any CPU
		{E70544F2-732D-484C-AF67-4F38B6D8DA8B}.Debug|Any CPU.Build.0 = Debug|Any CPU
		{E70544F2-732D-484C-AF67-4F38B6D8DA8B}.Release|Any CPU.ActiveCfg = Release|Any CPU
		{E70544F2-732D-484C-AF67-4F38B6D8DA8B}.Release|Any CPU.Build.0 = Release|Any CPU
		{B7750236-6599-4DDE-976C-8D860AD06E67}.Debug|Any CPU.ActiveCfg = Debug|Any CPU
		{B7750236-6599-4DDE-976C-8D860AD06E67}.Debug|Any CPU.Build.0 = Debug|Any CPU
		{B7750236-6599-4DDE-976C-8D860AD06E67}.Release|Any CPU.ActiveCfg = Release|Any CPU
		{B7750236-6599-4DDE-976C-8D860AD06E67}.Release|Any CPU.Build.0 = Release|Any CPU
		{D7A479D9-6357-49CD-A962-BFE930590E48}.Debug|Any CPU.ActiveCfg = Debug|Any CPU
		{D7A479D9-6357-49CD-A962-BFE930590E48}.Debug|Any CPU.Build.0 = Debug|Any CPU
		{D7A479D9-6357-49CD-A962-BFE930590E48}.Release|Any CPU.ActiveCfg = Release|Any CPU
		{D7A479D9-6357-49CD-A962-BFE930590E48}.Release|Any CPU.Build.0 = Release|Any CPU
		{1BE64053-8991-4775-9659-7C5CE8A91937}.Debug|Any CPU.ActiveCfg = Debug|Any CPU
		{1BE64053-8991-4775-9659-7C5CE8A91937}.Debug|Any CPU.Build.0 = Debug|Any CPU
		{1BE64053-8991-4775-9659-7C5CE8A91937}.Release|Any CPU.ActiveCfg = Release|Any CPU
		{1BE64053-8991-4775-9659-7C5CE8A91937}.Release|Any CPU.Build.0 = Release|Any CPU
		{D468F465-4735-477E-A92D-1BE821192F3C}.Debug|Any CPU.ActiveCfg = Debug|Any CPU
		{D468F465-4735-477E-A92D-1BE821192F3C}.Debug|Any CPU.Build.0 = Debug|Any CPU
		{D468F465-4735-477E-A92D-1BE821192F3C}.Release|Any CPU.ActiveCfg = Release|Any CPU
		{D468F465-4735-477E-A92D-1BE821192F3C}.Release|Any CPU.Build.0 = Release|Any CPU
		{D5A61CB1-14B4-4D19-B551-6524EF325D58}.Debug|Any CPU.ActiveCfg = Debug|Any CPU
		{D5A61CB1-14B4-4D19-B551-6524EF325D58}.Debug|Any CPU.Build.0 = Debug|Any CPU
		{D5A61CB1-14B4-4D19-B551-6524EF325D58}.Release|Any CPU.ActiveCfg = Release|Any CPU
		{D5A61CB1-14B4-4D19-B551-6524EF325D58}.Release|Any CPU.Build.0 = Release|Any CPU
		{E66CDC12-B4D7-43D3-A208-530119EC3008}.Debug|Any CPU.ActiveCfg = Debug|Any CPU
		{E66CDC12-B4D7-43D3-A208-530119EC3008}.Debug|Any CPU.Build.0 = Debug|Any CPU
		{E66CDC12-B4D7-43D3-A208-530119EC3008}.Release|Any CPU.ActiveCfg = Release|Any CPU
		{E66CDC12-B4D7-43D3-A208-530119EC3008}.Release|Any CPU.Build.0 = Release|Any CPU
		{A54854EC-E234-4A55-81E3-391827ECD2CF}.Debug|Any CPU.ActiveCfg = Debug|Any CPU
		{A54854EC-E234-4A55-81E3-391827ECD2CF}.Debug|Any CPU.Build.0 = Debug|Any CPU
		{A54854EC-E234-4A55-81E3-391827ECD2CF}.Release|Any CPU.ActiveCfg = Release|Any CPU
		{A54854EC-E234-4A55-81E3-391827ECD2CF}.Release|Any CPU.Build.0 = Release|Any CPU
		{12BE4EA5-CCF3-4130-86C7-E361DA20F5EA}.Debug|Any CPU.ActiveCfg = Debug|Any CPU
		{12BE4EA5-CCF3-4130-86C7-E361DA20F5EA}.Debug|Any CPU.Build.0 = Debug|Any CPU
		{12BE4EA5-CCF3-4130-86C7-E361DA20F5EA}.Release|Any CPU.ActiveCfg = Release|Any CPU
		{12BE4EA5-CCF3-4130-86C7-E361DA20F5EA}.Release|Any CPU.Build.0 = Release|Any CPU
		{2215DD0B-E699-40E2-A0A6-E16B7AB4B3FC}.Debug|Any CPU.ActiveCfg = Debug|Any CPU
		{2215DD0B-E699-40E2-A0A6-E16B7AB4B3FC}.Debug|Any CPU.Build.0 = Debug|Any CPU
		{2215DD0B-E699-40E2-A0A6-E16B7AB4B3FC}.Release|Any CPU.ActiveCfg = Release|Any CPU
		{2215DD0B-E699-40E2-A0A6-E16B7AB4B3FC}.Release|Any CPU.Build.0 = Release|Any CPU
	EndGlobalSection
	GlobalSection(SolutionProperties) = preSolution
		HideSolutionNode = FALSE
	EndGlobalSection
	GlobalSection(NestedProjects) = preSolution
		{3FCA5A0E-EDDA-4B06-AC6C-880B3F1092CA} = {7CF0D6D7-CC5B-45DD-88BA-300A69358035}
		{8347606F-4C47-4A6D-BC71-B8D2E6EAF427} = {7CF0D6D7-CC5B-45DD-88BA-300A69358035}
		{FE6F52B0-6E2B-444A-B7DE-28D7F038CD78} = {7CF0D6D7-CC5B-45DD-88BA-300A69358035}
		{A7B8FFB0-30EE-4962-8904-E5B932D6BCC4} = {7CF0D6D7-CC5B-45DD-88BA-300A69358035}
		{FBC7A353-2F2B-462C-B10C-3B120FE092E2} = {D2470F8D-F4D3-43A7-ADC9-7B780A1094F8}
		{834D67AE-0BDA-473E-97BE-3DA9EA45B71C} = {D2470F8D-F4D3-43A7-ADC9-7B780A1094F8}
		{242EC877-3D12-448E-BC84-D1BF436C3704} = {D2470F8D-F4D3-43A7-ADC9-7B780A1094F8}
		{19948C11-3A0F-49F8-A084-62ED07B0EF56} = {D2470F8D-F4D3-43A7-ADC9-7B780A1094F8}
		{3013C82F-EE19-48C7-86B7-4FBFC30EB35D} = {CE4321BE-B81D-4C04-857C-D83BF7A9C051}
		{E70544F2-732D-484C-AF67-4F38B6D8DA8B} = {8711FC55-0DFD-47A8-92A8-1D1B76107446}
		{B7750236-6599-4DDE-976C-8D860AD06E67} = {8711FC55-0DFD-47A8-92A8-1D1B76107446}
		{D7A479D9-6357-49CD-A962-BFE930590E48} = {8711FC55-0DFD-47A8-92A8-1D1B76107446}
		{1BE64053-8991-4775-9659-7C5CE8A91937} = {8711FC55-0DFD-47A8-92A8-1D1B76107446}
		{D468F465-4735-477E-A92D-1BE821192F3C} = {8711FC55-0DFD-47A8-92A8-1D1B76107446}
		{D5A61CB1-14B4-4D19-B551-6524EF325D58} = {7545E192-4539-4104-9089-DA2813F23745}
		{E66CDC12-B4D7-43D3-A208-530119EC3008} = {7545E192-4539-4104-9089-DA2813F23745}
		{A54854EC-E234-4A55-81E3-391827ECD2CF} = {7545E192-4539-4104-9089-DA2813F23745}
		{12BE4EA5-CCF3-4130-86C7-E361DA20F5EA} = {7545E192-4539-4104-9089-DA2813F23745}
		{2215DD0B-E699-40E2-A0A6-E16B7AB4B3FC} = {7545E192-4539-4104-9089-DA2813F23745}
	EndGlobalSection
	GlobalSection(ExtensibilityGlobals) = postSolution
		SolutionGuid = {484277A7-7409-4F05-B0D8-7484794240FC}
	EndGlobalSection
EndGlobal
